
Microsoft Visual Studio Solution File, Format Version 12.00
# Visual Studio Version 16
VisualStudioVersion = 16.0.31019.35
MinimumVisualStudioVersion = 10.0.40219.1
Project("{FAE04EC0-301F-11D3-BF4B-00C04F79EFBC}") = "Luxor", "Luxor\Luxor.csproj", "{B29D0209-30E7-4691-87D5-B4E1BB77DC0A}"
EndProject
Global
	GlobalSection(SolutionConfigurationPlatforms) = preSolution
		Debug|Any CPU = Debug|Any CPU
		Release|Any CPU = Release|Any CPU
	EndGlobalSection
	GlobalSection(ProjectConfigurationPlatforms) = postSolution
		{B29D0209-30E7-4691-87D5-B4E1BB77DC0A}.Debug|Any CPU.ActiveCfg = Debug|Any CPU
		{B29D0209-30E7-4691-87D5-B4E1BB77DC0A}.Debug|Any CPU.Build.0 = Debug|Any CPU
		{B29D0209-30E7-4691-87D5-B4E1BB77DC0A}.Release|Any CPU.ActiveCfg = Release|Any CPU
		{B29D0209-30E7-4691-87D5-B4E1BB77DC0A}.Release|Any CPU.Build.0 = Release|Any CPU
	EndGlobalSection
	GlobalSection(SolutionProperties) = preSolution
		HideSolutionNode = FALSE
	EndGlobalSection
	GlobalSection(ExtensibilityGlobals) = postSolution
		SolutionGuid = {1889B1A6-B859-4449-8E41-F414F4254A83}
	EndGlobalSection
EndGlobal
